// !$*UTF8*$!
{
	archiveVersion = 1;
	classes = {
	};
	objectVersion = 50;
	objects = {

/* Begin PBXBuildFile section */
		EFDD4EF222D5786700EE6F13 /* AppDelegate.swift in Sources */ = {isa = PBXBuildFile; fileRef = EFDD4EF122D5786700EE6F13 /* AppDelegate.swift */; };
		EFDD4EF722D5786700EE6F13 /* Main.storyboard in Resources */ = {isa = PBXBuildFile; fileRef = EFDD4EF522D5786700EE6F13 /* Main.storyboard */; };
		EFDD4EF922D5786800EE6F13 /* Assets.xcassets in Resources */ = {isa = PBXBuildFile; fileRef = EFDD4EF822D5786800EE6F13 /* Assets.xcassets */; };
		EFDD4EFC22D5786800EE6F13 /* LaunchScreen.storyboard in Resources */ = {isa = PBXBuildFile; fileRef = EFDD4EFA22D5786800EE6F13 /* LaunchScreen.storyboard */; };
		EFDD4F0922D57CDA00EE6F13 /* TasksTableVC.swift in Sources */ = {isa = PBXBuildFile; fileRef = EFDD4F0822D57CDA00EE6F13 /* TasksTableVC.swift */; };
		EFDD4F0B22D57D0A00EE6F13 /* TaskDetailVC.swift in Sources */ = {isa = PBXBuildFile; fileRef = EFDD4F0A22D57D0A00EE6F13 /* TaskDetailVC.swift */; };
		EFDD4F0E22D57E4C00EE6F13 /* Tasks.xcdatamodeld in Sources */ = {isa = PBXBuildFile; fileRef = EFDD4F0C22D57E4C00EE6F13 /* Tasks.xcdatamodeld */; };
		EFDD4F1022D57F5F00EE6F13 /* CoreDataStack.swift in Sources */ = {isa = PBXBuildFile; fileRef = EFDD4F0F22D57F5F00EE6F13 /* CoreDataStack.swift */; };
		EFDD4F1222D5813900EE6F13 /* Task+Convenience.swift in Sources */ = {isa = PBXBuildFile; fileRef = EFDD4F1122D5813900EE6F13 /* Task+Convenience.swift */; };
/* End PBXBuildFile section */

/* Begin PBXFileReference section */
		EF9AC47222D81B9100ECE94D /* Tasks 2.xcdatamodel */ = {isa = PBXFileReference; lastKnownFileType = wrapper.xcdatamodel; path = "Tasks 2.xcdatamodel"; sourceTree = "<group>"; };
		EFDD4EEE22D5786700EE6F13 /* Tasks.app */ = {isa = PBXFileReference; explicitFileType = wrapper.application; includeInIndex = 0; path = Tasks.app; sourceTree = BUILT_PRODUCTS_DIR; };
		EFDD4EF122D5786700EE6F13 /* AppDelegate.swift */ = {isa = PBXFileReference; lastKnownFileType = sourcecode.swift; path = AppDelegate.swift; sourceTree = "<group>"; };
		EFDD4EF622D5786700EE6F13 /* Base */ = {isa = PBXFileReference; lastKnownFileType = file.storyboard; name = Base; path = Base.lproj/Main.storyboard; sourceTree = "<group>"; };
		EFDD4EF822D5786800EE6F13 /* Assets.xcassets */ = {isa = PBXFileReference; lastKnownFileType = folder.assetcatalog; path = Assets.xcassets; sourceTree = "<group>"; };
		EFDD4EFB22D5786800EE6F13 /* Base */ = {isa = PBXFileReference; lastKnownFileType = file.storyboard; name = Base; path = Base.lproj/LaunchScreen.storyboard; sourceTree = "<group>"; };
		EFDD4EFD22D5786800EE6F13 /* Info.plist */ = {isa = PBXFileReference; lastKnownFileType = text.plist.xml; path = Info.plist; sourceTree = "<group>"; };
		EFDD4F0822D57CDA00EE6F13 /* TasksTableVC.swift */ = {isa = PBXFileReference; lastKnownFileType = sourcecode.swift; path = TasksTableVC.swift; sourceTree = "<group>"; };
		EFDD4F0A22D57D0A00EE6F13 /* TaskDetailVC.swift */ = {isa = PBXFileReference; lastKnownFileType = sourcecode.swift; path = TaskDetailVC.swift; sourceTree = "<group>"; };
		EFDD4F0D22D57E4C00EE6F13 /* Tasks.xcdatamodel */ = {isa = PBXFileReference; lastKnownFileType = wrapper.xcdatamodel; path = Tasks.xcdatamodel; sourceTree = "<group>"; };
		EFDD4F0F22D57F5F00EE6F13 /* CoreDataStack.swift */ = {isa = PBXFileReference; lastKnownFileType = sourcecode.swift; path = CoreDataStack.swift; sourceTree = "<group>"; };
		EFDD4F1122D5813900EE6F13 /* Task+Convenience.swift */ = {isa = PBXFileReference; lastKnownFileType = sourcecode.swift; path = "Task+Convenience.swift"; sourceTree = "<group>"; };
/* End PBXFileReference section */

/* Begin PBXFrameworksBuildPhase section */
		EFDD4EEB22D5786700EE6F13 /* Frameworks */ = {
			isa = PBXFrameworksBuildPhase;
			buildActionMask = 2147483647;
			files = (
			);
			runOnlyForDeploymentPostprocessing = 0;
		};
/* End PBXFrameworksBuildPhase section */

/* Begin PBXGroup section */
		EFDD4EE522D5786700EE6F13 = {
			isa = PBXGroup;
			children = (
				EFDD4EF022D5786700EE6F13 /* Tasks */,
				EFDD4F0322D578DA00EE6F13 /* Resources */,
				EFDD4EEF22D5786700EE6F13 /* Products */,
			);
			sourceTree = "<group>";
		};
		EFDD4EEF22D5786700EE6F13 /* Products */ = {
			isa = PBXGroup;
			children = (
				EFDD4EEE22D5786700EE6F13 /* Tasks.app */,
			);
			name = Products;
			sourceTree = "<group>";
		};
		EFDD4EF022D5786700EE6F13 /* Tasks */ = {
			isa = PBXGroup;
			children = (
				EFDD4F0622D5790500EE6F13 /* Models */,
				EFDD4F0722D5790C00EE6F13 /* Model Controller */,
				EFDD4F0522D578F600EE6F13 /* View Controllers */,
				EFDD4F0422D578EB00EE6F13 /* Storyboards */,
			);
			path = Tasks;
			sourceTree = "<group>";
		};
		EFDD4F0322D578DA00EE6F13 /* Resources */ = {
			isa = PBXGroup;
			children = (
				EFDD4EF122D5786700EE6F13 /* AppDelegate.swift */,
				EFDD4EF822D5786800EE6F13 /* Assets.xcassets */,
				EFDD4EFD22D5786800EE6F13 /* Info.plist */,
			);
			path = Resources;
			sourceTree = "<group>";
		};
		EFDD4F0422D578EB00EE6F13 /* Storyboards */ = {
			isa = PBXGroup;
			children = (
				EFDD4EF522D5786700EE6F13 /* Main.storyboard */,
				EFDD4EFA22D5786800EE6F13 /* LaunchScreen.storyboard */,
			);
			path = Storyboards;
			sourceTree = "<group>";
		};
		EFDD4F0522D578F600EE6F13 /* View Controllers */ = {
			isa = PBXGroup;
			children = (
				EFDD4F0822D57CDA00EE6F13 /* TasksTableVC.swift */,
				EFDD4F0A22D57D0A00EE6F13 /* TaskDetailVC.swift */,
			);
			path = "View Controllers";
			sourceTree = "<group>";
		};
		EFDD4F0622D5790500EE6F13 /* Models */ = {
			isa = PBXGroup;
			children = (
				EFDD4F0C22D57E4C00EE6F13 /* Tasks.xcdatamodeld */,
				EFDD4F0F22D57F5F00EE6F13 /* CoreDataStack.swift */,
				EFDD4F1122D5813900EE6F13 /* Task+Convenience.swift */,
			);
			path = Models;
			sourceTree = "<group>";
		};
		EFDD4F0722D5790C00EE6F13 /* Model Controller */ = {
			isa = PBXGroup;
			children = (
			);
			path = "Model Controller";
			sourceTree = "<group>";
		};
/* End PBXGroup section */

/* Begin PBXNativeTarget section */
		EFDD4EED22D5786700EE6F13 /* Tasks */ = {
			isa = PBXNativeTarget;
			buildConfigurationList = EFDD4F0022D5786800EE6F13 /* Build configuration list for PBXNativeTarget "Tasks" */;
			buildPhases = (
				EFDD4EEA22D5786700EE6F13 /* Sources */,
				EFDD4EEB22D5786700EE6F13 /* Frameworks */,
				EFDD4EEC22D5786700EE6F13 /* Resources */,
			);
			buildRules = (
			);
			dependencies = (
			);
			name = Tasks;
			productName = Tasks;
			productReference = EFDD4EEE22D5786700EE6F13 /* Tasks.app */;
			productType = "com.apple.product-type.application";
		};
/* End PBXNativeTarget section */

/* Begin PBXProject section */
		EFDD4EE622D5786700EE6F13 /* Project object */ = {
			isa = PBXProject;
			attributes = {
				LastSwiftUpdateCheck = 1020;
				LastUpgradeCheck = 1020;
				ORGANIZATIONNAME = Seschwan;
				TargetAttributes = {
					EFDD4EED22D5786700EE6F13 = {
						CreatedOnToolsVersion = 10.2.1;
					};
				};
			};
			buildConfigurationList = EFDD4EE922D5786700EE6F13 /* Build configuration list for PBXProject "Tasks" */;
			compatibilityVersion = "Xcode 9.3";
			developmentRegion = en;
			hasScannedForEncodings = 0;
			knownRegions = (
				en,
				Base,
			);
			mainGroup = EFDD4EE522D5786700EE6F13;
			productRefGroup = EFDD4EEF22D5786700EE6F13 /* Products */;
			projectDirPath = "";
			projectRoot = "";
			targets = (
				EFDD4EED22D5786700EE6F13 /* Tasks */,
			);
		};
/* End PBXProject section */

/* Begin PBXResourcesBuildPhase section */
		EFDD4EEC22D5786700EE6F13 /* Resources */ = {
			isa = PBXResourcesBuildPhase;
			buildActionMask = 2147483647;
			files = (
				EFDD4EFC22D5786800EE6F13 /* LaunchScreen.storyboard in Resources */,
				EFDD4EF922D5786800EE6F13 /* Assets.xcassets in Resources */,
				EFDD4EF722D5786700EE6F13 /* Main.storyboard in Resources */,
			);
			runOnlyForDeploymentPostprocessing = 0;
		};
/* End PBXResourcesBuildPhase section */

/* Begin PBXSourcesBuildPhase section */
		EFDD4EEA22D5786700EE6F13 /* Sources */ = {
			isa = PBXSourcesBuildPhase;
			buildActionMask = 2147483647;
			files = (
				EFDD4F1022D57F5F00EE6F13 /* CoreDataStack.swift in Sources */,
				EFDD4F0E22D57E4C00EE6F13 /* Tasks.xcdatamodeld in Sources */,
				EFDD4F1222D5813900EE6F13 /* Task+Convenience.swift in Sources */,
				EFDD4F0922D57CDA00EE6F13 /* TasksTableVC.swift in Sources */,
				EFDD4EF222D5786700EE6F13 /* AppDelegate.swift in Sources */,
				EFDD4F0B22D57D0A00EE6F13 /* TaskDetailVC.swift in Sources */,
			);
			runOnlyForDeploymentPostprocessing = 0;
		};
/* End PBXSourcesBuildPhase section */

/* Begin PBXVariantGroup section */
		EFDD4EF522D5786700EE6F13 /* Main.storyboard */ = {
			isa = PBXVariantGroup;
			children = (
				EFDD4EF622D5786700EE6F13 /* Base */,
			);
			name = Main.storyboard;
			sourceTree = "<group>";
		};
		EFDD4EFA22D5786800EE6F13 /* LaunchScreen.storyboard */ = {
			isa = PBXVariantGroup;
			children = (
				EFDD4EFB22D5786800EE6F13 /* Base */,
			);
			name = LaunchScreen.storyboard;
			sourceTree = "<group>";
		};
/* End PBXVariantGroup section */

/* Begin XCBuildConfiguration section */
		EFDD4EFE22D5786800EE6F13 /* Debug */ = {
			isa = XCBuildConfiguration;
			buildSettings = {
				ALWAYS_SEARCH_USER_PATHS = NO;
				CLANG_ANALYZER_NONNULL = YES;
				CLANG_ANALYZER_NUMBER_OBJECT_CONVERSION = YES_AGGRESSIVE;
				CLANG_CXX_LANGUAGE_STANDARD = "gnu++14";
				CLANG_CXX_LIBRARY = "libc++";
				CLANG_ENABLE_MODULES = YES;
				CLANG_ENABLE_OBJC_ARC = YES;
				CLANG_ENABLE_OBJC_WEAK = YES;
				CLANG_WARN_BLOCK_CAPTURE_AUTORELEASING = YES;
				CLANG_WARN_BOOL_CONVERSION = YES;
				CLANG_WARN_COMMA = YES;
				CLANG_WARN_CONSTANT_CONVERSION = YES;
				CLANG_WARN_DEPRECATED_OBJC_IMPLEMENTATIONS = YES;
				CLANG_WARN_DIRECT_OBJC_ISA_USAGE = YES_ERROR;
				CLANG_WARN_DOCUMENTATION_COMMENTS = YES;
				CLANG_WARN_EMPTY_BODY = YES;
				CLANG_WARN_ENUM_CONVERSION = YES;
				CLANG_WARN_INFINITE_RECURSION = YES;
				CLANG_WARN_INT_CONVERSION = YES;
				CLANG_WARN_NON_LITERAL_NULL_CONVERSION = YES;
				CLANG_WARN_OBJC_IMPLICIT_RETAIN_SELF = YES;
				CLANG_WARN_OBJC_LITERAL_CONVERSION = YES;
				CLANG_WARN_OBJC_ROOT_CLASS = YES_ERROR;
				CLANG_WARN_RANGE_LOOP_ANALYSIS = YES;
				CLANG_WARN_STRICT_PROTOTYPES = YES;
				CLANG_WARN_SUSPICIOUS_MOVE = YES;
				CLANG_WARN_UNGUARDED_AVAILABILITY = YES_AGGRESSIVE;
				CLANG_WARN_UNREACHABLE_CODE = YES;
				CLANG_WARN__DUPLICATE_METHOD_MATCH = YES;
				CODE_SIGN_IDENTITY = "iPhone Developer";
				COPY_PHASE_STRIP = NO;
				DEBUG_INFORMATION_FORMAT = dwarf;
				ENABLE_STRICT_OBJC_MSGSEND = YES;
				ENABLE_TESTABILITY = YES;
				GCC_C_LANGUAGE_STANDARD = gnu11;
				GCC_DYNAMIC_NO_PIC = NO;
				GCC_NO_COMMON_BLOCKS = YES;
				GCC_OPTIMIZATION_LEVEL = 0;
				GCC_PREPROCESSOR_DEFINITIONS = (
					"DEBUG=1",
					"$(inherited)",
				);
				GCC_WARN_64_TO_32_BIT_CONVERSION = YES;
				GCC_WARN_ABOUT_RETURN_TYPE = YES_ERROR;
				GCC_WARN_UNDECLARED_SELECTOR = YES;
				GCC_WARN_UNINITIALIZED_AUTOS = YES_AGGRESSIVE;
				GCC_WARN_UNUSED_FUNCTION = YES;
				GCC_WARN_UNUSED_VARIABLE = YES;
				IPHONEOS_DEPLOYMENT_TARGET = 12.2;
				MTL_ENABLE_DEBUG_INFO = INCLUDE_SOURCE;
				MTL_FAST_MATH = YES;
				ONLY_ACTIVE_ARCH = YES;
				SDKROOT = iphoneos;
				SWIFT_ACTIVE_COMPILATION_CONDITIONS = DEBUG;
				SWIFT_OPTIMIZATION_LEVEL = "-Onone";
			};
			name = Debug;
		};
		EFDD4EFF22D5786800EE6F13 /* Release */ = {
			isa = XCBuildConfiguration;
			buildSettings = {
				ALWAYS_SEARCH_USER_PATHS = NO;
				CLANG_ANALYZER_NONNULL = YES;
				CLANG_ANALYZER_NUMBER_OBJECT_CONVERSION = YES_AGGRESSIVE;
				CLANG_CXX_LANGUAGE_STANDARD = "gnu++14";
				CLANG_CXX_LIBRARY = "libc++";
				CLANG_ENABLE_MODULES = YES;
				CLANG_ENABLE_OBJC_ARC = YES;
				CLANG_ENABLE_OBJC_WEAK = YES;
				CLANG_WARN_BLOCK_CAPTURE_AUTORELEASING = YES;
				CLANG_WARN_BOOL_CONVERSION = YES;
				CLANG_WARN_COMMA = YES;
				CLANG_WARN_CONSTANT_CONVERSION = YES;
				CLANG_WARN_DEPRECATED_OBJC_IMPLEMENTATIONS = YES;
				CLANG_WARN_DIRECT_OBJC_ISA_USAGE = YES_ERROR;
				CLANG_WARN_DOCUMENTATION_COMMENTS = YES;
				CLANG_WARN_EMPTY_BODY = YES;
				CLANG_WARN_ENUM_CONVERSION = YES;
				CLANG_WARN_INFINITE_RECURSION = YES;
				CLANG_WARN_INT_CONVERSION = YES;
				CLANG_WARN_NON_LITERAL_NULL_CONVERSION = YES;
				CLANG_WARN_OBJC_IMPLICIT_RETAIN_SELF = YES;
				CLANG_WARN_OBJC_LITERAL_CONVERSION = YES;
				CLANG_WARN_OBJC_ROOT_CLASS = YES_ERROR;
				CLANG_WARN_RANGE_LOOP_ANALYSIS = YES;
				CLANG_WARN_STRICT_PROTOTYPES = YES;
				CLANG_WARN_SUSPICIOUS_MOVE = YES;
				CLANG_WARN_UNGUARDED_AVAILABILITY = YES_AGGRESSIVE;
				CLANG_WARN_UNREACHABLE_CODE = YES;
				CLANG_WARN__DUPLICATE_METHOD_MATCH = YES;
				CODE_SIGN_IDENTITY = "iPhone Developer";
				COPY_PHASE_STRIP = NO;
				DEBUG_INFORMATION_FORMAT = "dwarf-with-dsym";
				ENABLE_NS_ASSERTIONS = NO;
				ENABLE_STRICT_OBJC_MSGSEND = YES;
				GCC_C_LANGUAGE_STANDARD = gnu11;
				GCC_NO_COMMON_BLOCKS = YES;
				GCC_WARN_64_TO_32_BIT_CONVERSION = YES;
				GCC_WARN_ABOUT_RETURN_TYPE = YES_ERROR;
				GCC_WARN_UNDECLARED_SELECTOR = YES;
				GCC_WARN_UNINITIALIZED_AUTOS = YES_AGGRESSIVE;
				GCC_WARN_UNUSED_FUNCTION = YES;
				GCC_WARN_UNUSED_VARIABLE = YES;
				IPHONEOS_DEPLOYMENT_TARGET = 12.2;
				MTL_ENABLE_DEBUG_INFO = NO;
				MTL_FAST_MATH = YES;
				SDKROOT = iphoneos;
				SWIFT_COMPILATION_MODE = wholemodule;
				SWIFT_OPTIMIZATION_LEVEL = "-O";
				VALIDATE_PRODUCT = YES;
			};
			name = Release;
		};
		EFDD4F0122D5786800EE6F13 /* Debug */ = {
			isa = XCBuildConfiguration;
			buildSettings = {
				ASSETCATALOG_COMPILER_APPICON_NAME = AppIcon;
				CODE_SIGN_STYLE = Automatic;
				DEVELOPMENT_TEAM = SBB8C9E36E;
				INFOPLIST_FILE = "$(SRCROOT)/Resources/Info.plist";
				LD_RUNPATH_SEARCH_PATHS = (
					"$(inherited)",
					"@executable_path/Frameworks",
				);
				PRODUCT_BUNDLE_IDENTIFIER = Seschwan.com.Tasks;
				PRODUCT_NAME = "$(TARGET_NAME)";
				SWIFT_VERSION = 5.0;
				TARGETED_DEVICE_FAMILY = "1,2";
			};
			name = Debug;
		};
		EFDD4F0222D5786800EE6F13 /* Release */ = {
			isa = XCBuildConfiguration;
			buildSettings = {
				ASSETCATALOG_COMPILER_APPICON_NAME = AppIcon;
				CODE_SIGN_STYLE = Automatic;
				DEVELOPMENT_TEAM = SBB8C9E36E;
				INFOPLIST_FILE = "$(SRCROOT)/Resources/Info.plist";
				LD_RUNPATH_SEARCH_PATHS = (
					"$(inherited)",
					"@executable_path/Frameworks",
				);
				PRODUCT_BUNDLE_IDENTIFIER = Seschwan.com.Tasks;
				PRODUCT_NAME = "$(TARGET_NAME)";
				SWIFT_VERSION = 5.0;
				TARGETED_DEVICE_FAMILY = "1,2";
			};
			name = Release;
		};
/* End XCBuildConfiguration section */

/* Begin XCConfigurationList section */
		EFDD4EE922D5786700EE6F13 /* Build configuration list for PBXProject "Tasks" */ = {
			isa = XCConfigurationList;
			buildConfigurations = (
				EFDD4EFE22D5786800EE6F13 /* Debug */,
				EFDD4EFF22D5786800EE6F13 /* Release */,
			);
			defaultConfigurationIsVisible = 0;
			defaultConfigurationName = Release;
		};
		EFDD4F0022D5786800EE6F13 /* Build configuration list for PBXNativeTarget "Tasks" */ = {
			isa = XCConfigurationList;
			buildConfigurations = (
				EFDD4F0122D5786800EE6F13 /* Debug */,
				EFDD4F0222D5786800EE6F13 /* Release */,
			);
			defaultConfigurationIsVisible = 0;
			defaultConfigurationName = Release;
		};
/* End XCConfigurationList section */

/* Begin XCVersionGroup section */
		EFDD4F0C22D57E4C00EE6F13 /* Tasks.xcdatamodeld */ = {
			isa = XCVersionGroup;
			children = (
				EF9AC47222D81B9100ECE94D /* Tasks 2.xcdatamodel */,
				EFDD4F0D22D57E4C00EE6F13 /* Tasks.xcdatamodel */,
			);
			currentVersion = EF9AC47222D81B9100ECE94D /* Tasks 2.xcdatamodel */;
			path = Tasks.xcdatamodeld;
			sourceTree = "<group>";
			versionGroupType = wrapper.xcdatamodel;
		};
/* End XCVersionGroup section */
	};
	rootObject = EFDD4EE622D5786700EE6F13 /* Project object */;
}
